
Microsoft Visual Studio Solution File, Format Version 12.00
# Visual Studio Version 16
VisualStudioVersion = 16.0.30717.126
MinimumVisualStudioVersion = 10.0.40219.1
Project("{FAE04EC0-301F-11D3-BF4B-00C04F79EFBC}") = "入梦方舟小工具", "入梦方舟小工具.csproj", "{BE8CB008-8245-4BF1-915B-86A6836B203B}"
EndProject
Global
	GlobalSection(SolutionConfigurationPlatforms) = preSolution
		Debug|Any CPU = Debug|Any CPU
		Release|Any CPU = Release|Any CPU
	EndGlobalSection
	GlobalSection(ProjectConfigurationPlatforms) = postSolution
		{BE8CB008-8245-4BF1-915B-86A6836B203B}.Debug|Any CPU.ActiveCfg = Debug|Any CPU
		{BE8CB008-8245-4BF1-915B-86A6836B203B}.Debug|Any CPU.Build.0 = Debug|Any CPU
		{BE8CB008-8245-4BF1-915B-86A6836B203B}.Release|Any CPU.ActiveCfg = Release|Any CPU
		{BE8CB008-8245-4BF1-915B-86A6836B203B}.Release|Any CPU.Build.0 = Release|Any CPU
	EndGlobalSection
	GlobalSection(SolutionProperties) = preSolution
		HideSolutionNode = FALSE
	EndGlobalSection
	GlobalSection(ExtensibilityGlobals) = postSolution
		SolutionGuid = {DA6FB8CD-13B7-40AA-98BD-3888E44BAF9D}
	EndGlobalSection
EndGlobal
